[[package]]
name = "control_statements"
version = "0.1.0"

[[package]]
name = "enums"
version = "0.1.0"

[[package]]
name = "error"
version = "0.1.0"

[[package]]
name = "generics"
version = "0.1.0"

[[package]]
name = "hello_world"
version = "0.1.0"

[[package]]
name = "module"
version = "0.1.0"

[[package]]
name = "ownership"
version = "0.1.0"

[[package]]
name = "smart_pointers"
version = "0.1.0"

[[package]]
name = "structs"
version = "0.1.0"

[[package]]
name = "vectors"
version = "0.1.0"

